
Microsoft Visual Studio Solution File, Format Version 12.00
# Visual Studio Version 16
VisualStudioVersion = 16.0.31129.286
MinimumVisualStudioVersion = 10.0.40219.1
Project("{FAE04EC0-301F-11D3-BF4B-00C04F79EFBC}") = "EmailSenderApp", "EmailSenderApp.csproj", "{60B9D15C-52BE-4056-9ACE-A90C4E646509}"
EndProject
Global
	GlobalSection(SolutionConfigurationPlatforms) = preSolution
		Debug|Any CPU = Debug|Any CPU
		Release|Any CPU = Release|Any CPU
	EndGlobalSection
	GlobalSection(ProjectConfigurationPlatforms) = postSolution
		{60B9D15C-52BE-4056-9ACE-A90C4E646509}.Debug|Any CPU.ActiveCfg = Debug|Any CPU
		{60B9D15C-52BE-4056-9ACE-A90C4E646509}.Debug|Any CPU.Build.0 = Debug|Any CPU
		{60B9D15C-52BE-4056-9ACE-A90C4E646509}.Release|Any CPU.ActiveCfg = Release|Any CPU
		{60B9D15C-52BE-4056-9ACE-A90C4E646509}.Release|Any CPU.Build.0 = Release|Any CPU
	EndGlobalSection
	GlobalSection(SolutionProperties) = preSolution
		HideSolutionNode = FALSE
	EndGlobalSection
	GlobalSection(ExtensibilityGlobals) = postSolution
		SolutionGuid = {55CD2E1B-AA33-4C97-B4D1-654A9F64BAC7}
	EndGlobalSection
EndGlobal
